{
    "version": 3,
    "terraform_version": "0.11.14",
    "serial": 11,
    "lineage": "7b07da00-c167-4b9b-cd49-6c3bf8198a3f",
    "modules": [
        {
            "path": [
                "root"
            ],
            "outputs": {},
            "resources": {
                "ibm_is_vpc.vpc": {
                    "type": "ibm_is_vpc",
                    "depends_on": [],
                    "primary": {
                        "id": "c5a4de57-27ce-4321-88b2-ebed2d0d0764",
                        "attributes": {
                            "address_prefix_management": "auto",
                            "classic_access": "false",
                            "default_network_acl": "499e8f72-458a-48d5-84cf-4c68a829de46",
                            "default_security_group": "2d364f0a-a870-42c3-a554-000002342052",
                            "id": "c5a4de57-27ce-4321-88b2-ebed2d0d0764",
                            "name": "rpozzi-vpc",
                            "resource_controller_url": "https://cloud.ibm.com/vpc/network/vpcs",
                            "resource_crn": "crn:v1:bluemix:public:is:eu-de:a/290f8f438c15a26b2b129419c10b3cf5::vpc:c5a4de57-27ce-4321-88b2-ebed2d0d0764",
                            "resource_group": "0297e17c957546f5a53793f3579cfa72",
                            "resource_group_name": "",
                            "resource_name": "rpozzi-vpc",
                            "resource_status": "available",
                            "status": "available",
                            "tags.#": "0"
                        },
                        "meta": {
                            "e2bfb730-ecaa-11e6-8f88-34363bc7c4c0": {
                                "create": 3600000000000,
                                "delete": 3600000000000
                            }
                        },
                        "tainted": false
                    },
                    "deposed": [],
                    "provider": "provider.ibm"
                },
                "ibm_is_vpc_address_prefix.zone1_networking_prefix": {
                    "type": "ibm_is_vpc_address_prefix",
                    "depends_on": [
                        "ibm_is_vpc.vpc"
                    ],
                    "primary": {
                        "id": "c5a4de57-27ce-4321-88b2-ebed2d0d0764/b410346f-b9fe-4389-bb4f-2ebf3d4264eb",
                        "attributes": {
                            "cidr": "10.10.0.0/23",
                            "has_subnets": "true",
                            "id": "c5a4de57-27ce-4321-88b2-ebed2d0d0764/b410346f-b9fe-4389-bb4f-2ebf3d4264eb",
                            "name": "rpozzi-zone1_networking_prefix",
                            "vpc": "c5a4de57-27ce-4321-88b2-ebed2d0d0764",
                            "zone": "eu-de-1"
                        },
                        "meta": {},
                        "tainted": false
                    },
                    "deposed": [],
                    "provider": "provider.ibm"
                }
            },
            "depends_on": []
        }
    ]
}
